
Microsoft Visual Studio Solution File, Format Version 12.00
# Visual Studio Version 17
VisualStudioVersion = 17.3.32922.545
MinimumVisualStudioVersion = 10.0.40219.1
Project("{FAE04EC0-301F-11D3-BF4B-00C04F79EFBC}") = "JSONConvertationAPI", "JSONConvertationAPI\JSONConvertationAPI.csproj", "{7930A2A2-F1C4-49BE-9BCA-AEC23F7480AF}"
EndProject
Global
	GlobalSection(SolutionConfigurationPlatforms) = preSolution
		Debug|Any CPU = Debug|Any CPU
		Release|Any CPU = Release|Any CPU
	EndGlobalSection
	GlobalSection(ProjectConfigurationPlatforms) = postSolution
		{7930A2A2-F1C4-49BE-9BCA-AEC23F7480AF}.Debug|Any CPU.ActiveCfg = Debug|Any CPU
		{7930A2A2-F1C4-49BE-9BCA-AEC23F7480AF}.Debug|Any CPU.Build.0 = Debug|Any CPU
		{7930A2A2-F1C4-49BE-9BCA-AEC23F7480AF}.Release|Any CPU.ActiveCfg = Release|Any CPU
		{7930A2A2-F1C4-49BE-9BCA-AEC23F7480AF}.Release|Any CPU.Build.0 = Release|Any CPU
	EndGlobalSection
	GlobalSection(SolutionProperties) = preSolution
		HideSolutionNode = FALSE
	EndGlobalSection
	GlobalSection(ExtensibilityGlobals) = postSolution
		SolutionGuid = {EFC81BB8-5DE1-4721-88F3-60ADC1FF6A2C}
	EndGlobalSection
EndGlobal
